
Microsoft Visual Studio Solution File, Format Version 12.00
# Visual Studio Version 17
VisualStudioVersion = 17.0.31903.59
MinimumVisualStudioVersion = 10.0.40219.1
Project("{2150E333-8FDC-42A3-9474-1A3956D46DE8}") = "src", "src", "{B6A31ABD-6797-45CC-AC62-F48FA7460C45}"
EndProject
Project("{FAE04EC0-301F-11D3-BF4B-00C04F79EFBC}") = "ClientContactManager.Domain", "src\ClientContactManager.Domain\ClientContactManager.Domain.csproj", "{CBF6E25C-8ACE-4FB6-A0F8-B8C166358146}"
EndProject
Project("{FAE04EC0-301F-11D3-BF4B-00C04F79EFBC}") = "ClientContactManager.Application", "src\ClientContactManager.Application\ClientContactManager.Application.csproj", "{FD0AC3EF-CF01-417D-8079-495625EAB94F}"
EndProject
Project("{FAE04EC0-301F-11D3-BF4B-00C04F79EFBC}") = "ClientContactManager.Infrastructure", "src\ClientContactManager.Infrastructure\ClientContactManager.Infrastructure.csproj", "{611AB776-55C9-4CB8-B329-3FABE54DBABC}"
EndProject
Project("{FAE04EC0-301F-11D3-BF4B-00C04F79EFBC}") = "ClientContactManager.WebUI", "src\ClientContactManager.WebUI\ClientContactManager.WebUI.csproj", "{109DE17F-C394-4DA8-A7E0-A8C47EF0218F}"
EndProject
Global
	GlobalSection(SolutionConfigurationPlatforms) = preSolution
		Debug|Any CPU = Debug|Any CPU
		Release|Any CPU = Release|Any CPU
	EndGlobalSection
	GlobalSection(SolutionProperties) = preSolution
		HideSolutionNode = FALSE
	EndGlobalSection
	GlobalSection(ProjectConfigurationPlatforms) = postSolution
		{CBF6E25C-8ACE-4FB6-A0F8-B8C166358146}.Debug|Any CPU.ActiveCfg = Debug|Any CPU
		{CBF6E25C-8ACE-4FB6-A0F8-B8C166358146}.Debug|Any CPU.Build.0 = Debug|Any CPU
		{CBF6E25C-8ACE-4FB6-A0F8-B8C166358146}.Release|Any CPU.ActiveCfg = Release|Any CPU
		{CBF6E25C-8ACE-4FB6-A0F8-B8C166358146}.Release|Any CPU.Build.0 = Release|Any CPU
		{FD0AC3EF-CF01-417D-8079-495625EAB94F}.Debug|Any CPU.ActiveCfg = Debug|Any CPU
		{FD0AC3EF-CF01-417D-8079-495625EAB94F}.Debug|Any CPU.Build.0 = Debug|Any CPU
		{FD0AC3EF-CF01-417D-8079-495625EAB94F}.Release|Any CPU.ActiveCfg = Release|Any CPU
		{FD0AC3EF-CF01-417D-8079-495625EAB94F}.Release|Any CPU.Build.0 = Release|Any CPU
		{611AB776-55C9-4CB8-B329-3FABE54DBABC}.Debug|Any CPU.ActiveCfg = Debug|Any CPU
		{611AB776-55C9-4CB8-B329-3FABE54DBABC}.Debug|Any CPU.Build.0 = Debug|Any CPU
		{611AB776-55C9-4CB8-B329-3FABE54DBABC}.Release|Any CPU.ActiveCfg = Release|Any CPU
		{611AB776-55C9-4CB8-B329-3FABE54DBABC}.Release|Any CPU.Build.0 = Release|Any CPU
		{109DE17F-C394-4DA8-A7E0-A8C47EF0218F}.Debug|Any CPU.ActiveCfg = Debug|Any CPU
		{109DE17F-C394-4DA8-A7E0-A8C47EF0218F}.Debug|Any CPU.Build.0 = Debug|Any CPU
		{109DE17F-C394-4DA8-A7E0-A8C47EF0218F}.Release|Any CPU.ActiveCfg = Release|Any CPU
		{109DE17F-C394-4DA8-A7E0-A8C47EF0218F}.Release|Any CPU.Build.0 = Release|Any CPU
	EndGlobalSection
	GlobalSection(NestedProjects) = preSolution
		{CBF6E25C-8ACE-4FB6-A0F8-B8C166358146} = {B6A31ABD-6797-45CC-AC62-F48FA7460C45}
		{FD0AC3EF-CF01-417D-8079-495625EAB94F} = {B6A31ABD-6797-45CC-AC62-F48FA7460C45}
		{611AB776-55C9-4CB8-B329-3FABE54DBABC} = {B6A31ABD-6797-45CC-AC62-F48FA7460C45}
		{109DE17F-C394-4DA8-A7E0-A8C47EF0218F} = {B6A31ABD-6797-45CC-AC62-F48FA7460C45}
	EndGlobalSection
EndGlobal
